
Microsoft Visual Studio Solution File, Format Version 12.00
# Visual Studio Version 17
VisualStudioVersion = 17.10.35122.118
MinimumVisualStudioVersion = 10.0.40219.1
Project("{FAE04EC0-301F-11D3-BF4B-00C04F79EFBC}") = "DoubleLinkedListWPF", "DoubleLinkedListWPF\DoubleLinkedListWPF.csproj", "{527CE976-49C4-4A35-A95E-3C01E0650667}"
EndProject
Global
	GlobalSection(SolutionConfigurationPlatforms) = preSolution
		Debug|Any CPU = Debug|Any CPU
		Release|Any CPU = Release|Any CPU
	EndGlobalSection
	GlobalSection(ProjectConfigurationPlatforms) = postSolution
		{527CE976-49C4-4A35-A95E-3C01E0650667}.Debug|Any CPU.ActiveCfg = Debug|Any CPU
		{527CE976-49C4-4A35-A95E-3C01E0650667}.Debug|Any CPU.Build.0 = Debug|Any CPU
		{527CE976-49C4-4A35-A95E-3C01E0650667}.Release|Any CPU.ActiveCfg = Release|Any CPU
		{527CE976-49C4-4A35-A95E-3C01E0650667}.Release|Any CPU.Build.0 = Release|Any CPU
	EndGlobalSection
	GlobalSection(SolutionProperties) = preSolution
		HideSolutionNode = FALSE
	EndGlobalSection
	GlobalSection(ExtensibilityGlobals) = postSolution
		SolutionGuid = {33D3C42C-7BC8-43F8-8932-F0B2CC159AA6}
	EndGlobalSection
EndGlobal
